{
  "requires": true,
  "lockfileVersion": 1,
  "dependencies": {
    "@ngrx/store": {
      "version": "9.1.2",
      "resolved": "https://registry.npmjs.org/@ngrx/store/-/store-9.1.2.tgz",
      "integrity": "sha512-FQXFonF8hSGJDqgLaoWHy2mkeJwVdoa3jLoT1YpkJWxsFMG4U0T6JYG4VrtuymDgo9XwWBBJqIiNpdTgHhofSQ=="
    }
  }
}
